
Microsoft Visual Studio Solution File, Format Version 12.00
# Visual Studio Version 17
VisualStudioVersion = 17.7.34031.279
MinimumVisualStudioVersion = 10.0.40219.1
Project("{FAE04EC0-301F-11D3-BF4B-00C04F79EFBC}") = "MusicPlayer", "MusicPlayer\MusicPlayer.csproj", "{6715EA40-9D12-4B81-8A56-F609CD9EE945}"
EndProject
Global
	GlobalSection(SolutionConfigurationPlatforms) = preSolution
		Debug|Any CPU = Debug|Any CPU
		Release|Any CPU = Release|Any CPU
	EndGlobalSection
	GlobalSection(ProjectConfigurationPlatforms) = postSolution
		{6715EA40-9D12-4B81-8A56-F609CD9EE945}.Debug|Any CPU.ActiveCfg = Debug|Any CPU
		{6715EA40-9D12-4B81-8A56-F609CD9EE945}.Debug|Any CPU.Build.0 = Debug|Any CPU
		{6715EA40-9D12-4B81-8A56-F609CD9EE945}.Release|Any CPU.ActiveCfg = Release|Any CPU
		{6715EA40-9D12-4B81-8A56-F609CD9EE945}.Release|Any CPU.Build.0 = Release|Any CPU
	EndGlobalSection
	GlobalSection(SolutionProperties) = preSolution
		HideSolutionNode = FALSE
	EndGlobalSection
	GlobalSection(ExtensibilityGlobals) = postSolution
		SolutionGuid = {BED32AAD-F0D8-4063-9F7A-B413F7F2A133}
	EndGlobalSection
EndGlobal
